PODS:
  - BubblePictures (1.0.2):
    - SDWebImage (~> 3.8)
  - SDWebImage (3.8.2):
    - SDWebImage/Core (= 3.8.2)
  - SDWebImage/Core (3.8.2)

DEPENDENCIES:
  - BubblePictures (from `../`)

EXTERNAL SOURCES:
  BubblePictures:
    :path: ../

SPEC CHECKSUMS:
  BubblePictures: 27ee77b6ee055dae45bdf646000ce5ee84cd0829
  SDWebImage: 098e97e6176540799c27e804c96653ee0833d13c

PODFILE CHECKSUM: 03dce109f13997fe0e10f9926001ac1dafef3399

COCOAPODS: 1.2.1
