PODS:
  - BubblePictures (1.1.4):
    - SDWebImage
  - SDWebImage (4.3.3):
    - SDWebImage/Core (= 4.3.3)
  - SDWebImage/Core (4.3.3)

DEPENDENCIES:
  - BubblePictures (from `../`)

SPEC REPOS:
  https://github.com/cocoapods/specs.git:
    - SDWebImage

EXTERNAL SOURCES:
  BubblePictures:
    :path: "../"

SPEC CHECKSUMS:
  BubblePictures: 46a6227d951f4e46094a10e54fbbbdefd84b48f9
  SDWebImage: de4d90b5bff3571eae7bd16202b1f43135409fa5

PODFILE CHECKSUM: 03dce109f13997fe0e10f9926001ac1dafef3399

COCOAPODS: 1.5.2
