PODS:
  - BubblePictures (2.0.1):
    - SDWebImage
  - SDWebImage (4.3.3):
    - SDWebImage/Core (= 4.3.3)
  - SDWebImage/Core (4.3.3)

DEPENDENCIES:
  - BubblePictures (from `../`)

SPEC REPOS:
  https://github.com/cocoapods/specs.git:
    - SDWebImage

EXTERNAL SOURCES:
  BubblePictures:
    :path: "../"

SPEC CHECKSUMS:
  BubblePictures: 903f961b9f870330c70fd263a96a398f91382895
  SDWebImage: de4d90b5bff3571eae7bd16202b1f43135409fa5

PODFILE CHECKSUM: 02208cc61d3dc992703211a50fcd1770f63e8932

COCOAPODS: 1.5.3
